
Microsoft Visual Studio Solution File, Format Version 12.00
# Visual Studio Version 16
VisualStudioVersion = 16.0.31205.134
MinimumVisualStudioVersion = 10.0.40219.1
Project("{FAE04EC0-301F-11D3-BF4B-00C04F79EFBC}") = "MenghitungIpk5", "MenghitungIpk5\MenghitungIpk5.csproj", "{E1B675DC-CBAD-4E43-958C-68574FEDCC0B}"
EndProject
Global
	GlobalSection(SolutionConfigurationPlatforms) = preSolution
		Debug|Any CPU = Debug|Any CPU
		Release|Any CPU = Release|Any CPU
	EndGlobalSection
	GlobalSection(ProjectConfigurationPlatforms) = postSolution
		{E1B675DC-CBAD-4E43-958C-68574FEDCC0B}.Debug|Any CPU.ActiveCfg = Debug|Any CPU
		{E1B675DC-CBAD-4E43-958C-68574FEDCC0B}.Debug|Any CPU.Build.0 = Debug|Any CPU
		{E1B675DC-CBAD-4E43-958C-68574FEDCC0B}.Release|Any CPU.ActiveCfg = Release|Any CPU
		{E1B675DC-CBAD-4E43-958C-68574FEDCC0B}.Release|Any CPU.Build.0 = Release|Any CPU
	EndGlobalSection
	GlobalSection(SolutionProperties) = preSolution
		HideSolutionNode = FALSE
	EndGlobalSection
	GlobalSection(ExtensibilityGlobals) = postSolution
		SolutionGuid = {475C4158-BEDA-4F02-9A2F-4D487449E9EF}
	EndGlobalSection
EndGlobal
